
Microsoft Visual Studio Solution File, Format Version 12.00
# Visual Studio 15
VisualStudioVersion = 15.0.26228.4
MinimumVisualStudioVersion = 10.0.40219.1
Project("{FAE04EC0-301F-11D3-BF4B-00C04F79EFBC}") = "Guru", "Guru\Guru.csproj", "{65FE0D48-0439-446C-977A-BC810A215F5E}"
EndProject
Project("{E53339B2-1760-4266-BCC7-CA923CBCF16C}") = "docker-compose", "docker-compose.dcproj", "{DE942705-B9E3-4142-A295-9A6D8415373D}"
EndProject
Global
	GlobalSection(SolutionConfigurationPlatforms) = preSolution
		Debug|Any CPU = Debug|Any CPU
		Release|Any CPU = Release|Any CPU
	EndGlobalSection
	GlobalSection(ProjectConfigurationPlatforms) = postSolution
		{65FE0D48-0439-446C-977A-BC810A215F5E}.Debug|Any CPU.ActiveCfg = Debug|Any CPU
		{65FE0D48-0439-446C-977A-BC810A215F5E}.Debug|Any CPU.Build.0 = Debug|Any CPU
		{65FE0D48-0439-446C-977A-BC810A215F5E}.Release|Any CPU.ActiveCfg = Release|Any CPU
		{65FE0D48-0439-446C-977A-BC810A215F5E}.Release|Any CPU.Build.0 = Release|Any CPU
		{DE942705-B9E3-4142-A295-9A6D8415373D}.Debug|Any CPU.ActiveCfg = Debug|Any CPU
		{DE942705-B9E3-4142-A295-9A6D8415373D}.Debug|Any CPU.Build.0 = Debug|Any CPU
		{DE942705-B9E3-4142-A295-9A6D8415373D}.Release|Any CPU.ActiveCfg = Release|Any CPU
		{DE942705-B9E3-4142-A295-9A6D8415373D}.Release|Any CPU.Build.0 = Release|Any CPU
	EndGlobalSection
	GlobalSection(SolutionProperties) = preSolution
		HideSolutionNode = FALSE
	EndGlobalSection
EndGlobal
